
Microsoft Visual Studio Solution File, Format Version 12.00
# Visual Studio Version 17
VisualStudioVersion = 17.9.34723.18
MinimumVisualStudioVersion = 10.0.40219.1
Project("{9A19103F-16F7-4668-BE54-9A1E7A4F7556}") = "API", "PathFinder\API.csproj", "{D91C8F07-1730-4386-8FD0-C3DA8EA03482}"
EndProject
Project("{9A19103F-16F7-4668-BE54-9A1E7A4F7556}") = "DAL", "DAL\DAL.csproj", "{853265CE-5E8C-4E33-A772-29248A6FD7B3}"
EndProject
Project("{9A19103F-16F7-4668-BE54-9A1E7A4F7556}") = "BLL", "BLL\BLL.csproj", "{4873D2A9-31E4-4254-99F4-EB996E29A76B}"
EndProject
Project("{FAE04EC0-301F-11D3-BF4B-00C04F79EFBC}") = "Infrasturcture", "Infrasturcture\Infrasturcture.csproj", "{F0EBA570-49DF-4445-80B5-04B295CD6350}"
EndProject
Global
	GlobalSection(SolutionConfigurationPlatforms) = preSolution
		Debug|Any CPU = Debug|Any CPU
		Release|Any CPU = Release|Any CPU
	EndGlobalSection
	GlobalSection(ProjectConfigurationPlatforms) = postSolution
		{D91C8F07-1730-4386-8FD0-C3DA8EA03482}.Debug|Any CPU.ActiveCfg = Debug|Any CPU
		{D91C8F07-1730-4386-8FD0-C3DA8EA03482}.Debug|Any CPU.Build.0 = Debug|Any CPU
		{D91C8F07-1730-4386-8FD0-C3DA8EA03482}.Release|Any CPU.ActiveCfg = Release|Any CPU
		{D91C8F07-1730-4386-8FD0-C3DA8EA03482}.Release|Any CPU.Build.0 = Release|Any CPU
		{853265CE-5E8C-4E33-A772-29248A6FD7B3}.Debug|Any CPU.ActiveCfg = Debug|Any CPU
		{853265CE-5E8C-4E33-A772-29248A6FD7B3}.Debug|Any CPU.Build.0 = Debug|Any CPU
		{853265CE-5E8C-4E33-A772-29248A6FD7B3}.Release|Any CPU.ActiveCfg = Release|Any CPU
		{853265CE-5E8C-4E33-A772-29248A6FD7B3}.Release|Any CPU.Build.0 = Release|Any CPU
		{4873D2A9-31E4-4254-99F4-EB996E29A76B}.Debug|Any CPU.ActiveCfg = Debug|Any CPU
		{4873D2A9-31E4-4254-99F4-EB996E29A76B}.Debug|Any CPU.Build.0 = Debug|Any CPU
		{4873D2A9-31E4-4254-99F4-EB996E29A76B}.Release|Any CPU.ActiveCfg = Release|Any CPU
		{4873D2A9-31E4-4254-99F4-EB996E29A76B}.Release|Any CPU.Build.0 = Release|Any CPU
		{F0EBA570-49DF-4445-80B5-04B295CD6350}.Debug|Any CPU.ActiveCfg = Debug|Any CPU
		{F0EBA570-49DF-4445-80B5-04B295CD6350}.Debug|Any CPU.Build.0 = Debug|Any CPU
		{F0EBA570-49DF-4445-80B5-04B295CD6350}.Release|Any CPU.ActiveCfg = Release|Any CPU
		{F0EBA570-49DF-4445-80B5-04B295CD6350}.Release|Any CPU.Build.0 = Release|Any CPU
	EndGlobalSection
	GlobalSection(SolutionProperties) = preSolution
		HideSolutionNode = FALSE
	EndGlobalSection
	GlobalSection(ExtensibilityGlobals) = postSolution
		SolutionGuid = {14C21555-5F12-42D8-A312-F56058525D71}
	EndGlobalSection
EndGlobal
